
Microsoft Visual Studio Solution File, Format Version 12.00
# Visual Studio Version 16
VisualStudioVersion = 16.0.30128.74
MinimumVisualStudioVersion = 10.0.40219.1
Project("{FAE04EC0-301F-11D3-BF4B-00C04F79EFBC}") = "CytusManiaMaker", "CytusManiaMaker\CytusManiaMaker.csproj", "{9C47BD2B-9057-4DFA-9389-1F82C7F55B2A}"
EndProject
Global
	GlobalSection(SolutionConfigurationPlatforms) = preSolution
		Debug|Any CPU = Debug|Any CPU
		Release|Any CPU = Release|Any CPU
	EndGlobalSection
	GlobalSection(ProjectConfigurationPlatforms) = postSolution
		{9C47BD2B-9057-4DFA-9389-1F82C7F55B2A}.Debug|Any CPU.ActiveCfg = Debug|Any CPU
		{9C47BD2B-9057-4DFA-9389-1F82C7F55B2A}.Debug|Any CPU.Build.0 = Debug|Any CPU
		{9C47BD2B-9057-4DFA-9389-1F82C7F55B2A}.Release|Any CPU.ActiveCfg = Release|Any CPU
		{9C47BD2B-9057-4DFA-9389-1F82C7F55B2A}.Release|Any CPU.Build.0 = Release|Any CPU
	EndGlobalSection
	GlobalSection(SolutionProperties) = preSolution
		HideSolutionNode = FALSE
	EndGlobalSection
	GlobalSection(ExtensibilityGlobals) = postSolution
		SolutionGuid = {B9B45B69-F062-47B1-93D9-1E0EA903E67E}
	EndGlobalSection
EndGlobal
